// !$*UTF8*$!
{
	archiveVersion = 1;
	classes = {
	};
	objectVersion = 77;
	objects = {

/* Begin PBXBuildFile section */
		18299F8B2D3C101A0077F6C2 /* NewsRowView.swift in Sources */ = {isa = PBXBuildFile; fileRef = 18299F8A2D3C101A0077F6C2 /* NewsRowView.swift */; };
		18299F8F2D3C589E0077F6C2 /* SafariView.swift in Sources */ = {isa = PBXBuildFile; fileRef = 18299F8E2D3C589E0077F6C2 /* SafariView.swift */; };
		18299F912D3C61210077F6C2 /* ShareSheet.swift in Sources */ = {isa = PBXBuildFile; fileRef = 18299F902D3C61210077F6C2 /* ShareSheet.swift */; };
		18299F972D3C763B0077F6C2 /* Categories.swift in Sources */ = {isa = PBXBuildFile; fileRef = 18299F962D3C763B0077F6C2 /* Categories.swift */; };
		18299F992D3C7AE80077F6C2 /* CategoryListView.swift in Sources */ = {isa = PBXBuildFile; fileRef = 18299F982D3C7AE80077F6C2 /* CategoryListView.swift */; };
		1831D9472D9473B7007D827F /* GoogleService-Info.plist in Resources */ = {isa = PBXBuildFile; fileRef = 1831D9462D9473B7007D827F /* GoogleService-Info.plist */; };
		1831D94A2D94770A007D827F /* FirebaseAuth in Frameworks */ = {isa = PBXBuildFile; productRef = 1831D9492D94770A007D827F /* FirebaseAuth */; };
		1831D94C2D94770A007D827F /* FirebaseFirestore in Frameworks */ = {isa = PBXBuildFile; productRef = 1831D94B2D94770A007D827F /* FirebaseFirestore */; };
		1831D94E2D94770A007D827F /* FirebaseStorage in Frameworks */ = {isa = PBXBuildFile; productRef = 1831D94D2D94770A007D827F /* FirebaseStorage */; };
		1831D9502D947767007D827F /* AuthViewModel.swift in Sources */ = {isa = PBXBuildFile; fileRef = 1831D94F2D94775D007D827F /* AuthViewModel.swift */; };
		183850152D6CEA3D00821939 /* ProfileView.swift in Sources */ = {isa = PBXBuildFile; fileRef = 183850142D6CEA3D00821939 /* ProfileView.swift */; };
		183850172D6D073500821939 /* User.swift in Sources */ = {isa = PBXBuildFile; fileRef = 183850162D6D073500821939 /* User.swift */; };
		18443FF72EC0D5B900FC23AD /* ProfileOrLoginView.swift in Sources */ = {isa = PBXBuildFile; fileRef = 18443FF62EC0D5B900FC23AD /* ProfileOrLoginView.swift */; };
		1851A1482D6B9F5E00BEE10E /* LoginView.swift in Sources */ = {isa = PBXBuildFile; fileRef = 1851A1472D6B9F5E00BEE10E /* LoginView.swift */; };
		1851A14A2D6BA93200BEE10E /* InputVIew.swift in Sources */ = {isa = PBXBuildFile; fileRef = 1851A1492D6BA93200BEE10E /* InputVIew.swift */; };
		1851A14E2D6BB7E200BEE10E /* RegistrationView.swift in Sources */ = {isa = PBXBuildFile; fileRef = 1851A14D2D6BB7E200BEE10E /* RegistrationView.swift */; };
		185325E32DA718D00040F03F /* Preview Assets.xcassets in Resources */ = {isa = PBXBuildFile; fileRef = 185325E22DA718D00040F03F /* Preview Assets.xcassets */; };
		185325E72DA7256C0040F03F /* loading.json in Resources */ = {isa = PBXBuildFile; fileRef = 185325E62DA7256C0040F03F /* loading.json */; };
		186297D32D99C4AC00B8166E /* DocumentView.swift in Sources */ = {isa = PBXBuildFile; fileRef = 186297D22D99C4AC00B8166E /* DocumentView.swift */; };
		186297D52D99C4E400B8166E /* DocumentUploadViewModel.swift in Sources */ = {isa = PBXBuildFile; fileRef = 186297D42D99C4DA00B8166E /* DocumentUploadViewModel.swift */; };
		186297D92D99C5C800B8166E /* Appwrite in Frameworks */ = {isa = PBXBuildFile; productRef = 186297D82D99C5C800B8166E /* Appwrite */; };
		186297DB2D99C61100B8166E /* AppwriteManager.swift in Sources */ = {isa = PBXBuildFile; fileRef = 186297DA2D99C61100B8166E /* AppwriteManager.swift */; };
		186297DD2D99E1BC00B8166E /* ImagePreviewView.swift in Sources */ = {isa = PBXBuildFile; fileRef = 186297DC2D99E1BC00B8166E /* ImagePreviewView.swift */; };
		186E03CA2D3ACE2A00725CAA /* NewsPageView.swift in Sources */ = {isa = PBXBuildFile; fileRef = 186E03C92D3ACE2A00725CAA /* NewsPageView.swift */; };
		186E03CC2D3AE5D300725CAA /* NetworkManager.swift in Sources */ = {isa = PBXBuildFile; fileRef = 186E03CB2D3AE5D300725CAA /* NetworkManager.swift */; };
		186E03CE2D3B056400725CAA /* NewsPageVIewModel.swift in Sources */ = {isa = PBXBuildFile; fileRef = 186E03CD2D3B056400725CAA /* NewsPageVIewModel.swift */; };
		186E03D02D3B057900725CAA /* NewsPageModel.swift in Sources */ = {isa = PBXBuildFile; fileRef = 186E03CF2D3B057900725CAA /* NewsPageModel.swift */; };
		18940A792D39589E009C6717 /* MyDashApp.swift in Sources */ = {isa = PBXBuildFile; fileRef = 18940A782D39589E009C6717 /* MyDashApp.swift */; };
		18940A7D2D3958A4009C6717 /* Assets.xcassets in Resources */ = {isa = PBXBuildFile; fileRef = 18940A7C2D3958A4009C6717 /* Assets.xcassets */; };
		18940A872D3962EF009C6717 /* TabBarView.swift in Sources */ = {isa = PBXBuildFile; fileRef = 18940A862D3962EF009C6717 /* TabBarView.swift */; };
		18940A8A2D39646A009C6717 /* TabsData.swift in Sources */ = {isa = PBXBuildFile; fileRef = 18940A892D39646A009C6717 /* TabsData.swift */; };
		18940A8C2D398F74009C6717 /* TabItemView.swift in Sources */ = {isa = PBXBuildFile; fileRef = 18940A8B2D398F74009C6717 /* TabItemView.swift */; };
		18B5E03D2D934AA40024F14C /* AppState.swift in Sources */ = {isa = PBXBuildFile; fileRef = 18B5E03C2D934A990024F14C /* AppState.swift */; };
		18B833982DA6E4E8009458D8 /* Lottie in Frameworks */ = {isa = PBXBuildFile; productRef = 18B833972DA6E4E8009458D8 /* Lottie */; };
		18B833A12DA6EB2D009458D8 /* LaunchView.swift in Sources */ = {isa = PBXBuildFile; fileRef = 18B833A02DA6EB2D009458D8 /* LaunchView.swift */; };
		18B833A52DA6F6E1009458D8 /* LaunchScreen.storyboard in Resources */ = {isa = PBXBuildFile; fileRef = 18B833A42DA6F6E1009458D8 /* LaunchScreen.storyboard */; };
		18C20E872DA6DBDE009CB552 /* Lottie in Frameworks */ = {isa = PBXBuildFile; productRef = 18C20E862DA6DBDE009CB552 /* Lottie */; };
		18C20E892DA6E073009CB552 /* LottieView.swift in Sources */ = {isa = PBXBuildFile; fileRef = 18C20E882DA6E073009CB552 /* LottieView.swift */; };
		18C20E8D2DA6E296009CB552 /* Lottie in Frameworks */ = {isa = PBXBuildFile; productRef = 18C20E8C2DA6E296009CB552 /* Lottie */; };
		18C20E912DA6E2C3009CB552 /* Lottie in Frameworks */ = {isa = PBXBuildFile; productRef = 18C20E902DA6E2C3009CB552 /* Lottie */; };
/* End PBXBuildFile section */

/* Begin PBXCopyFilesBuildPhase section */
		18B8339C2DA6E537009458D8 /* Embed Frameworks */ = {
			isa = PBXCopyFilesBuildPhase;
			buildActionMask = 2147483647;
			dstPath = "";
			dstSubfolderSpec = 10;
			files = (
			);
			name = "Embed Frameworks";
			runOnlyForDeploymentPostprocessing = 0;
		};
/* End PBXCopyFilesBuildPhase section */

/* Begin PBXFileReference section */
		18299F8A2D3C101A0077F6C2 /* NewsRowView.swift */ = {isa = PBXFileReference; lastKnownFileType = sourcecode.swift; path = NewsRowView.swift; sourceTree = "<group>"; };
		18299F8E2D3C589E0077F6C2 /* SafariView.swift */ = {isa = PBXFileReference; lastKnownFileType = sourcecode.swift; path = SafariView.swift; sourceTree = "<group>"; };
		18299F902D3C61210077F6C2 /* ShareSheet.swift */ = {isa = PBXFileReference; lastKnownFileType = sourcecode.swift; path = ShareSheet.swift; sourceTree = "<group>"; };
		18299F922D3C6F750077F6C2 /* Info.plist */ = {isa = PBXFileReference; lastKnownFileType = text.plist.xml; path = Info.plist; sourceTree = "<group>"; };
		18299F962D3C763B0077F6C2 /* Categories.swift */ = {isa = PBXFileReference; lastKnownFileType = sourcecode.swift; path = Categories.swift; sourceTree = "<group>"; };
		18299F982D3C7AE80077F6C2 /* CategoryListView.swift */ = {isa = PBXFileReference; lastKnownFileType = sourcecode.swift; path = CategoryListView.swift; sourceTree = "<group>"; };
		1831D9462D9473B7007D827F /* GoogleService-Info.plist */ = {isa = PBXFileReference; lastKnownFileType = text.plist.xml; path = "GoogleService-Info.plist"; sourceTree = "<group>"; };
		1831D94F2D94775D007D827F /* AuthViewModel.swift */ = {isa = PBXFileReference; lastKnownFileType = sourcecode.swift; path = AuthViewModel.swift; sourceTree = "<group>"; };
		183850142D6CEA3D00821939 /* ProfileView.swift */ = {isa = PBXFileReference; lastKnownFileType = sourcecode.swift; path = ProfileView.swift; sourceTree = "<group>"; };
		183850162D6D073500821939 /* User.swift */ = {isa = PBXFileReference; lastKnownFileType = sourcecode.swift; path = User.swift; sourceTree = "<group>"; };
		18443FF62EC0D5B900FC23AD /* ProfileOrLoginView.swift */ = {isa = PBXFileReference; lastKnownFileType = sourcecode.swift; path = ProfileOrLoginView.swift; sourceTree = "<group>"; };
		1851A1472D6B9F5E00BEE10E /* LoginView.swift */ = {isa = PBXFileReference; lastKnownFileType = sourcecode.swift; path = LoginView.swift; sourceTree = "<group>"; };
		1851A1492D6BA93200BEE10E /* InputVIew.swift */ = {isa = PBXFileReference; lastKnownFileType = sourcecode.swift; path = InputVIew.swift; sourceTree = "<group>"; };
		1851A14D2D6BB7E200BEE10E /* RegistrationView.swift */ = {isa = PBXFileReference; lastKnownFileType = sourcecode.swift; path = RegistrationView.swift; sourceTree = "<group>"; };
		185325E22DA718D00040F03F /* Preview Assets.xcassets */ = {isa = PBXFileReference; lastKnownFileType = folder.assetcatalog; path = "Preview Assets.xcassets"; sourceTree = "<group>"; };
		185325E62DA7256C0040F03F /* loading.json */ = {isa = PBXFileReference; lastKnownFileType = text.json; path = loading.json; sourceTree = "<group>"; };
		186297D22D99C4AC00B8166E /* DocumentView.swift */ = {isa = PBXFileReference; lastKnownFileType = sourcecode.swift; path = DocumentView.swift; sourceTree = "<group>"; };
		186297D42D99C4DA00B8166E /* DocumentUploadViewModel.swift */ = {isa = PBXFileReference; lastKnownFileType = sourcecode.swift; path = DocumentUploadViewModel.swift; sourceTree = "<group>"; };
		186297DA2D99C61100B8166E /* AppwriteManager.swift */ = {isa = PBXFileReference; lastKnownFileType = sourcecode.swift; path = AppwriteManager.swift; sourceTree = "<group>"; };
		186297DC2D99E1BC00B8166E /* ImagePreviewView.swift */ = {isa = PBXFileReference; lastKnownFileType = sourcecode.swift; path = ImagePreviewView.swift; sourceTree = "<group>"; };
		186E03C92D3ACE2A00725CAA /* NewsPageView.swift */ = {isa = PBXFileReference; lastKnownFileType = sourcecode.swift; path = NewsPageView.swift; sourceTree = "<group>"; };
		186E03CB2D3AE5D300725CAA /* NetworkManager.swift */ = {isa = PBXFileReference; lastKnownFileType = sourcecode.swift; path = NetworkManager.swift; sourceTree = "<group>"; };
		186E03CD2D3B056400725CAA /* NewsPageVIewModel.swift */ = {isa = PBXFileReference; lastKnownFileType = sourcecode.swift; path = NewsPageVIewModel.swift; sourceTree = "<group>"; };
		186E03CF2D3B057900725CAA /* NewsPageModel.swift */ = {isa = PBXFileReference; lastKnownFileType = sourcecode.swift; path = NewsPageModel.swift; sourceTree = "<group>"; };
		18940A752D39589E009C6717 /* MyDash.app */ = {isa = PBXFileReference; explicitFileType = wrapper.application; includeInIndex = 0; path = MyDash.app; sourceTree = BUILT_PRODUCTS_DIR; };
		18940A782D39589E009C6717 /* MyDashApp.swift */ = {isa = PBXFileReference; lastKnownFileType = sourcecode.swift; path = MyDashApp.swift; sourceTree = "<group>"; };
		18940A7C2D3958A4009C6717 /* Assets.xcassets */ = {isa = PBXFileReference; lastKnownFileType = folder.assetcatalog; path = Assets.xcassets; sourceTree = "<group>"; };
		18940A862D3962EF009C6717 /* TabBarView.swift */ = {isa = PBXFileReference; lastKnownFileType = sourcecode.swift; path = TabBarView.swift; sourceTree = "<group>"; };
		18940A892D39646A009C6717 /* TabsData.swift */ = {isa = PBXFileReference; lastKnownFileType = sourcecode.swift; path = TabsData.swift; sourceTree = "<group>"; };
		18940A8B2D398F74009C6717 /* TabItemView.swift */ = {isa = PBXFileReference; lastKnownFileType = sourcecode.swift; path = TabItemView.swift; sourceTree = "<group>"; };
		18B5E03C2D934A990024F14C /* AppState.swift */ = {isa = PBXFileReference; lastKnownFileType = sourcecode.swift; path = AppState.swift; sourceTree = "<group>"; };
		18B833A02DA6EB2D009458D8 /* LaunchView.swift */ = {isa = PBXFileReference; lastKnownFileType = sourcecode.swift; path = LaunchView.swift; sourceTree = "<group>"; };
		18B833A42DA6F6E1009458D8 /* LaunchScreen.storyboard */ = {isa = PBXFileReference; lastKnownFileType = file.storyboard; path = LaunchScreen.storyboard; sourceTree = "<group>"; };
		18C20E882DA6E073009CB552 /* LottieView.swift */ = {isa = PBXFileReference; lastKnownFileType = sourcecode.swift; path = LottieView.swift; sourceTree = "<group>"; };
/* End PBXFileReference section */

/* Begin PBXFileSystemSynchronizedRootGroup section */
		188763C02EC3BCE000A8A22C /* Views */ = {
			isa = PBXFileSystemSynchronizedRootGroup;
			path = Views;
			sourceTree = "<group>";
		};
/* End PBXFileSystemSynchronizedRootGroup section */

/* Begin PBXFrameworksBuildPhase section */
		18940A722D39589E009C6717 /* Frameworks */ = {
			isa = PBXFrameworksBuildPhase;
			buildActionMask = 2147483647;
			files = (
				18C20E872DA6DBDE009CB552 /* Lottie in Frameworks */,
				186297D92D99C5C800B8166E /* Appwrite in Frameworks */,
				1831D94A2D94770A007D827F /* FirebaseAuth in Frameworks */,
				18B833982DA6E4E8009458D8 /* Lottie in Frameworks */,
				1831D94C2D94770A007D827F /* FirebaseFirestore in Frameworks */,
				1831D94E2D94770A007D827F /* FirebaseStorage in Frameworks */,
				18C20E8D2DA6E296009CB552 /* Lottie in Frameworks */,
				18C20E912DA6E2C3009CB552 /* Lottie in Frameworks */,
			);
			runOnlyForDeploymentPostprocessing = 0;
		};
/* End PBXFrameworksBuildPhase section */

/* Begin PBXGroup section */
		18299F892D3BD23E0077F6C2 /* Common */ = {
			isa = PBXGroup;
			children = (
				186E03CB2D3AE5D300725CAA /* NetworkManager.swift */,
				18299F8E2D3C589E0077F6C2 /* SafariView.swift */,
				18299F902D3C61210077F6C2 /* ShareSheet.swift */,
				18C20E882DA6E073009CB552 /* LottieView.swift */,
			);
			path = Common;
			sourceTree = "<group>";
		};
		18299F932D3C75FF0077F6C2 /* Views */ = {
			isa = PBXGroup;
			children = (
				186E03C92D3ACE2A00725CAA /* NewsPageView.swift */,
				18299F8A2D3C101A0077F6C2 /* NewsRowView.swift */,
				18299F982D3C7AE80077F6C2 /* CategoryListView.swift */,
			);
			path = Views;
			sourceTree = "<group>";
		};
		18299F942D3C76120077F6C2 /* ViewModel */ = {
			isa = PBXGroup;
			children = (
				186E03CD2D3B056400725CAA /* NewsPageVIewModel.swift */,
			);
			path = ViewModel;
			sourceTree = "<group>";
		};
		18299F952D3C761E0077F6C2 /* Model */ = {
			isa = PBXGroup;
			children = (
				186E03CF2D3B057900725CAA /* NewsPageModel.swift */,
				18299F962D3C763B0077F6C2 /* Categories.swift */,
			);
			path = Model;
			sourceTree = "<group>";
		};
		183850182D6D140B00821939 /* Components */ = {
			isa = PBXGroup;
			children = (
				1851A1492D6BA93200BEE10E /* InputVIew.swift */,
			);
			path = Components;
			sourceTree = "<group>";
		};
		1851A1422D6B9EFC00BEE10E /* Authentication */ = {
			isa = PBXGroup;
			children = (
				1851A1452D6B9F2A00BEE10E /* Model */,
				1851A1442D6B9F2000BEE10E /* ViewModel */,
				1851A1432D6B9F1300BEE10E /* View */,
			);
			path = Authentication;
			sourceTree = "<group>";
		};
		1851A1432D6B9F1300BEE10E /* View */ = {
			isa = PBXGroup;
			children = (
				183850182D6D140B00821939 /* Components */,
				1851A1472D6B9F5E00BEE10E /* LoginView.swift */,
				1851A14D2D6BB7E200BEE10E /* RegistrationView.swift */,
				183850142D6CEA3D00821939 /* ProfileView.swift */,
				18443FF62EC0D5B900FC23AD /* ProfileOrLoginView.swift */,
			);
			path = View;
			sourceTree = "<group>";
		};
		1851A1442D6B9F2000BEE10E /* ViewModel */ = {
			isa = PBXGroup;
			children = (
				1831D94F2D94775D007D827F /* AuthViewModel.swift */,
			);
			path = ViewModel;
			sourceTree = "<group>";
		};
		1851A1452D6B9F2A00BEE10E /* Model */ = {
			isa = PBXGroup;
			children = (
				183850162D6D073500821939 /* User.swift */,
			);
			path = Model;
			sourceTree = "<group>";
		};
		186297CF2D9965BF00B8166E /* Storage */ = {
			isa = PBXGroup;
			children = (
				186297D12D9965FC00B8166E /* ViewModel */,
				186297D02D9965E700B8166E /* View */,
			);
			path = Storage;
			sourceTree = "<group>";
		};
		186297D02D9965E700B8166E /* View */ = {
			isa = PBXGroup;
			children = (
				186297D22D99C4AC00B8166E /* DocumentView.swift */,
				186297DC2D99E1BC00B8166E /* ImagePreviewView.swift */,
			);
			path = View;
			sourceTree = "<group>";
		};
		186297D12D9965FC00B8166E /* ViewModel */ = {
			isa = PBXGroup;
			children = (
				186297DA2D99C61100B8166E /* AppwriteManager.swift */,
				186297D42D99C4DA00B8166E /* DocumentUploadViewModel.swift */,
			);
			path = ViewModel;
			sourceTree = "<group>";
		};
		186E03C72D3ACDF400725CAA /* News */ = {
			isa = PBXGroup;
			children = (
				18299F952D3C761E0077F6C2 /* Model */,
				18299F942D3C76120077F6C2 /* ViewModel */,
				18299F932D3C75FF0077F6C2 /* Views */,
			);
			path = News;
			sourceTree = "<group>";
		};
		188763BE2EC3BCB100A8A22C /* Notes */ = {
			isa = PBXGroup;
			children = (
				188763C02EC3BCE000A8A22C /* Views */,
			);
			path = Notes;
			sourceTree = "<group>";
		};
		18940A6C2D39589E009C6717 = {
			isa = PBXGroup;
			children = (
				18940A772D39589E009C6717 /* MyDash */,
				18940A762D39589E009C6717 /* Products */,
			);
			sourceTree = "<group>";
		};
		18940A762D39589E009C6717 /* Products */ = {
			isa = PBXGroup;
			children = (
				18940A752D39589E009C6717 /* MyDash.app */,
			);
			name = Products;
			sourceTree = "<group>";
		};
		18940A772D39589E009C6717 /* MyDash */ = {
			isa = PBXGroup;
			children = (
				188763BE2EC3BCB100A8A22C /* Notes */,
				1831D9462D9473B7007D827F /* GoogleService-Info.plist */,
				18B8339D2DA6EAF3009458D8 /* App */,
				18299F922D3C6F750077F6C2 /* Info.plist */,
				1851A1422D6B9EFC00BEE10E /* Authentication */,
				186297CF2D9965BF00B8166E /* Storage */,
				18299F892D3BD23E0077F6C2 /* Common */,
				186E03C72D3ACDF400725CAA /* News */,
				18940A882D396450009C6717 /* TabBar */,
				18940A7C2D3958A4009C6717 /* Assets.xcassets */,
				185325E62DA7256C0040F03F /* loading.json */,
				18940A7E2D3958A4009C6717 /* Preview Content */,
			);
			path = MyDash;
			sourceTree = "<group>";
		};
		18940A7E2D3958A4009C6717 /* Preview Content */ = {
			isa = PBXGroup;
			children = (
				185325E22DA718D00040F03F /* Preview Assets.xcassets */,
			);
			path = "Preview Content";
			sourceTree = "<group>";
		};
		18940A882D396450009C6717 /* TabBar */ = {
			isa = PBXGroup;
			children = (
				18940A862D3962EF009C6717 /* TabBarView.swift */,
				18940A892D39646A009C6717 /* TabsData.swift */,
				18940A8B2D398F74009C6717 /* TabItemView.swift */,
			);
			path = TabBar;
			sourceTree = "<group>";
		};
		18B8339D2DA6EAF3009458D8 /* App */ = {
			isa = PBXGroup;
			children = (
				18940A782D39589E009C6717 /* MyDashApp.swift */,
				18B5E03C2D934A990024F14C /* AppState.swift */,
				18B833A02DA6EB2D009458D8 /* LaunchView.swift */,
				18B833A42DA6F6E1009458D8 /* LaunchScreen.storyboard */,
			);
			path = App;
			sourceTree = "<group>";
		};
/* End PBXGroup section */

/* Begin PBXNativeTarget section */
		18940A742D39589E009C6717 /* MyDash */ = {
			isa = PBXNativeTarget;
			buildConfigurationList = 18940A832D3958A4009C6717 /* Build configuration list for PBXNativeTarget "MyDash" */;
			buildPhases = (
				18940A712D39589E009C6717 /* Sources */,
				18940A722D39589E009C6717 /* Frameworks */,
				18940A732D39589E009C6717 /* Resources */,
				18B8339C2DA6E537009458D8 /* Embed Frameworks */,
			);
			buildRules = (
			);
			dependencies = (
			);
			fileSystemSynchronizedGroups = (
				188763C02EC3BCE000A8A22C /* Views */,
			);
			name = MyDash;
			productName = MyDash;
			productReference = 18940A752D39589E009C6717 /* MyDash.app */;
			productType = "com.apple.product-type.application";
		};
/* End PBXNativeTarget section */

/* Begin PBXProject section */
		18940A6D2D39589E009C6717 /* Project object */ = {
			isa = PBXProject;
			attributes = {
				BuildIndependentTargetsInParallel = 1;
				LastSwiftUpdateCheck = 1540;
				LastUpgradeCheck = 1540;
				TargetAttributes = {
					18940A742D39589E009C6717 = {
						CreatedOnToolsVersion = 15.4;
					};
				};
			};
			buildConfigurationList = 18940A702D39589E009C6717 /* Build configuration list for PBXProject "MyDash" */;
			developmentRegion = en;
			hasScannedForEncodings = 0;
			knownRegions = (
				en,
				Base,
			);
			mainGroup = 18940A6C2D39589E009C6717;
			packageReferences = (
				1831D9482D94770A007D827F /* XCRemoteSwiftPackageReference "firebase-ios-sdk" */,
				186297D72D99C5C800B8166E /* XCRemoteSwiftPackageReference "sdk-for-apple" */,
				18B833962DA6E4E8009458D8 /* XCRemoteSwiftPackageReference "lottie-ios" */,
			);
			preferredProjectObjectVersion = 77;
			productRefGroup = 18940A762D39589E009C6717 /* Products */;
			projectDirPath = "";
			projectRoot = "";
			targets = (
				18940A742D39589E009C6717 /* MyDash */,
			);
		};
/* End PBXProject section */

/* Begin PBXResourcesBuildPhase section */
		18940A732D39589E009C6717 /* Resources */ = {
			isa = PBXResourcesBuildPhase;
			buildActionMask = 2147483647;
			files = (
				185325E32DA718D00040F03F /* Preview Assets.xcassets in Resources */,
				1831D9472D9473B7007D827F /* GoogleService-Info.plist in Resources */,
				18B833A52DA6F6E1009458D8 /* LaunchScreen.storyboard in Resources */,
				185325E72DA7256C0040F03F /* loading.json in Resources */,
				18940A7D2D3958A4009C6717 /* Assets.xcassets in Resources */,
			);
			runOnlyForDeploymentPostprocessing = 0;
		};
/* End PBXResourcesBuildPhase section */

/* Begin PBXSourcesBuildPhase section */
		18940A712D39589E009C6717 /* Sources */ = {
			isa = PBXSourcesBuildPhase;
			buildActionMask = 2147483647;
			files = (
				18B833A12DA6EB2D009458D8 /* LaunchView.swift in Sources */,
				1831D9502D947767007D827F /* AuthViewModel.swift in Sources */,
				186297DD2D99E1BC00B8166E /* ImagePreviewView.swift in Sources */,
				18C20E892DA6E073009CB552 /* LottieView.swift in Sources */,
				18299F8B2D3C101A0077F6C2 /* NewsRowView.swift in Sources */,
				18299F972D3C763B0077F6C2 /* Categories.swift in Sources */,
				18B5E03D2D934AA40024F14C /* AppState.swift in Sources */,
				186E03D02D3B057900725CAA /* NewsPageModel.swift in Sources */,
				18940A8A2D39646A009C6717 /* TabsData.swift in Sources */,
				18299F8F2D3C589E0077F6C2 /* SafariView.swift in Sources */,
				18299F912D3C61210077F6C2 /* ShareSheet.swift in Sources */,
				18940A872D3962EF009C6717 /* TabBarView.swift in Sources */,
				1851A14E2D6BB7E200BEE10E /* RegistrationView.swift in Sources */,
				186E03CE2D3B056400725CAA /* NewsPageVIewModel.swift in Sources */,
				183850152D6CEA3D00821939 /* ProfileView.swift in Sources */,
				1851A1482D6B9F5E00BEE10E /* LoginView.swift in Sources */,
				186297DB2D99C61100B8166E /* AppwriteManager.swift in Sources */,
				186297D32D99C4AC00B8166E /* DocumentView.swift in Sources */,
				18299F992D3C7AE80077F6C2 /* CategoryListView.swift in Sources */,
				183850172D6D073500821939 /* User.swift in Sources */,
				186E03CC2D3AE5D300725CAA /* NetworkManager.swift in Sources */,
				1851A14A2D6BA93200BEE10E /* InputVIew.swift in Sources */,
				186297D52D99C4E400B8166E /* DocumentUploadViewModel.swift in Sources */,
				18940A8C2D398F74009C6717 /* TabItemView.swift in Sources */,
				186E03CA2D3ACE2A00725CAA /* NewsPageView.swift in Sources */,
				18443FF72EC0D5B900FC23AD /* ProfileOrLoginView.swift in Sources */,
				18940A792D39589E009C6717 /* MyDashApp.swift in Sources */,
			);
			runOnlyForDeploymentPostprocessing = 0;
		};
/* End PBXSourcesBuildPhase section */

/* Begin XCBuildConfiguration section */
		18940A812D3958A4009C6717 /* Debug */ = {
			isa = XCBuildConfiguration;
			buildSettings = {
				ALWAYS_SEARCH_USER_PATHS = NO;
				ASSETCATALOG_COMPILER_GENERATE_SWIFT_ASSET_SYMBOL_EXTENSIONS = YES;
				CLANG_ANALYZER_NONNULL = YES;
				CLANG_ANALYZER_NUMBER_OBJECT_CONVERSION = YES_AGGRESSIVE;
				CLANG_CXX_LANGUAGE_STANDARD = "gnu++20";
				CLANG_ENABLE_MODULES = YES;
				CLANG_ENABLE_OBJC_ARC = YES;
				CLANG_ENABLE_OBJC_WEAK = YES;
				CLANG_WARN_BLOCK_CAPTURE_AUTORELEASING = YES;
				CLANG_WARN_BOOL_CONVERSION = YES;
				CLANG_WARN_COMMA = YES;
				CLANG_WARN_CONSTANT_CONVERSION = YES;
				CLANG_WARN_DEPRECATED_OBJC_IMPLEMENTATIONS = YES;
				CLANG_WARN_DIRECT_OBJC_ISA_USAGE = YES_ERROR;
				CLANG_WARN_DOCUMENTATION_COMMENTS = YES;
				CLANG_WARN_EMPTY_BODY = YES;
				CLANG_WARN_ENUM_CONVERSION = YES;
				CLANG_WARN_INFINITE_RECURSION = YES;
				CLANG_WARN_INT_CONVERSION = YES;
				CLANG_WARN_NON_LITERAL_NULL_CONVERSION = YES;
				CLANG_WARN_OBJC_IMPLICIT_RETAIN_SELF = YES;
				CLANG_WARN_OBJC_LITERAL_CONVERSION = YES;
				CLANG_WARN_OBJC_ROOT_CLASS = YES_ERROR;
				CLANG_WARN_QUOTED_INCLUDE_IN_FRAMEWORK_HEADER = YES;
				CLANG_WARN_RANGE_LOOP_ANALYSIS = YES;
				CLANG_WARN_STRICT_PROTOTYPES = YES;
				CLANG_WARN_SUSPICIOUS_MOVE = YES;
				CLANG_WARN_UNGUARDED_AVAILABILITY = YES_AGGRESSIVE;
				CLANG_WARN_UNREACHABLE_CODE = YES;
				CLANG_WARN__DUPLICATE_METHOD_MATCH = YES;
				COPY_PHASE_STRIP = NO;
				DEBUG_INFORMATION_FORMAT = dwarf;
				ENABLE_STRICT_OBJC_MSGSEND = YES;
				ENABLE_TESTABILITY = YES;
				ENABLE_USER_SCRIPT_SANDBOXING = YES;
				GCC_C_LANGUAGE_STANDARD = gnu17;
				GCC_DYNAMIC_NO_PIC = NO;
				GCC_NO_COMMON_BLOCKS = YES;
				GCC_OPTIMIZATION_LEVEL = 0;
				GCC_PREPROCESSOR_DEFINITIONS = (
					"DEBUG=1",
					"$(inherited)",
				);
				GCC_WARN_64_TO_32_BIT_CONVERSION = YES;
				GCC_WARN_ABOUT_RETURN_TYPE = YES_ERROR;
				GCC_WARN_UNDECLARED_SELECTOR = YES;
				GCC_WARN_UNINITIALIZED_AUTOS = YES_AGGRESSIVE;
				GCC_WARN_UNUSED_FUNCTION = YES;
				GCC_WARN_UNUSED_VARIABLE = YES;
				IPHONEOS_DEPLOYMENT_TARGET = 17.5;
				LOCALIZATION_PREFERS_STRING_CATALOGS = YES;
				MTL_ENABLE_DEBUG_INFO = INCLUDE_SOURCE;
				MTL_FAST_MATH = YES;
				ONLY_ACTIVE_ARCH = YES;
				SDKROOT = iphoneos;
				SWIFT_ACTIVE_COMPILATION_CONDITIONS = "DEBUG $(inherited)";
				SWIFT_OPTIMIZATION_LEVEL = "-Onone";
			};
			name = Debug;
		};
		18940A822D3958A4009C6717 /* Release */ = {
			isa = XCBuildConfiguration;
			buildSettings = {
				ALWAYS_SEARCH_USER_PATHS = NO;
				ASSETCATALOG_COMPILER_GENERATE_SWIFT_ASSET_SYMBOL_EXTENSIONS = YES;
				CLANG_ANALYZER_NONNULL = YES;
				CLANG_ANALYZER_NUMBER_OBJECT_CONVERSION = YES_AGGRESSIVE;
				CLANG_CXX_LANGUAGE_STANDARD = "gnu++20";
				CLANG_ENABLE_MODULES = YES;
				CLANG_ENABLE_OBJC_ARC = YES;
				CLANG_ENABLE_OBJC_WEAK = YES;
				CLANG_WARN_BLOCK_CAPTURE_AUTORELEASING = YES;
				CLANG_WARN_BOOL_CONVERSION = YES;
				CLANG_WARN_COMMA = YES;
				CLANG_WARN_CONSTANT_CONVERSION = YES;
				CLANG_WARN_DEPRECATED_OBJC_IMPLEMENTATIONS = YES;
				CLANG_WARN_DIRECT_OBJC_ISA_USAGE = YES_ERROR;
				CLANG_WARN_DOCUMENTATION_COMMENTS = YES;
				CLANG_WARN_EMPTY_BODY = YES;
				CLANG_WARN_ENUM_CONVERSION = YES;
				CLANG_WARN_INFINITE_RECURSION = YES;
				CLANG_WARN_INT_CONVERSION = YES;
				CLANG_WARN_NON_LITERAL_NULL_CONVERSION = YES;
				CLANG_WARN_OBJC_IMPLICIT_RETAIN_SELF = YES;
				CLANG_WARN_OBJC_LITERAL_CONVERSION = YES;
				CLANG_WARN_OBJC_ROOT_CLASS = YES_ERROR;
				CLANG_WARN_QUOTED_INCLUDE_IN_FRAMEWORK_HEADER = YES;
				CLANG_WARN_RANGE_LOOP_ANALYSIS = YES;
				CLANG_WARN_STRICT_PROTOTYPES = YES;
				CLANG_WARN_SUSPICIOUS_MOVE = YES;
				CLANG_WARN_UNGUARDED_AVAILABILITY = YES_AGGRESSIVE;
				CLANG_WARN_UNREACHABLE_CODE = YES;
				CLANG_WARN__DUPLICATE_METHOD_MATCH = YES;
				COPY_PHASE_STRIP = NO;
				DEBUG_INFORMATION_FORMAT = "dwarf-with-dsym";
				ENABLE_NS_ASSERTIONS = NO;
				ENABLE_STRICT_OBJC_MSGSEND = YES;
				ENABLE_USER_SCRIPT_SANDBOXING = YES;
				GCC_C_LANGUAGE_STANDARD = gnu17;
				GCC_NO_COMMON_BLOCKS = YES;
				GCC_WARN_64_TO_32_BIT_CONVERSION = YES;
				GCC_WARN_ABOUT_RETURN_TYPE = YES_ERROR;
				GCC_WARN_UNDECLARED_SELECTOR = YES;
				GCC_WARN_UNINITIALIZED_AUTOS = YES_AGGRESSIVE;
				GCC_WARN_UNUSED_FUNCTION = YES;
				GCC_WARN_UNUSED_VARIABLE = YES;
				IPHONEOS_DEPLOYMENT_TARGET = 17.5;
				LOCALIZATION_PREFERS_STRING_CATALOGS = YES;
				MTL_ENABLE_DEBUG_INFO = NO;
				MTL_FAST_MATH = YES;
				SDKROOT = iphoneos;
				SWIFT_COMPILATION_MODE = wholemodule;
				VALIDATE_PRODUCT = YES;
			};
			name = Release;
		};
		18940A842D3958A4009C6717 /* Debug */ = {
			isa = XCBuildConfiguration;
			buildSettings = {
				ASSETCATALOG_COMPILER_APPICON_NAME = AppIcon;
				ASSETCATALOG_COMPILER_GLOBAL_ACCENT_COLOR_NAME = AccentColor;
				ASSETCATALOG_COMPILER_INCLUDE_ALL_APPICON_ASSETS = YES;
				CODE_SIGN_STYLE = Automatic;
				CURRENT_PROJECT_VERSION = 1;
				DEVELOPMENT_ASSET_PATHS = "\"MyDash/Preview Content\"";
				DEVELOPMENT_TEAM = 3G7373LSKP;
				ENABLE_PREVIEWS = YES;
				GENERATE_INFOPLIST_FILE = YES;
				INFOPLIST_FILE = MyDash/Info.plist;
				INFOPLIST_KEY_UIApplicationSceneManifest_Generation = YES;
				INFOPLIST_KEY_UIApplicationSupportsIndirectInputEvents = YES;
				INFOPLIST_KEY_UILaunchScreen_Generation = YES;
				INFOPLIST_KEY_UILaunchStoryboardName = LaunchScreen.storyboard;
				INFOPLIST_KEY_UISupportedInterfaceOrientations_iPad = "UIInterfaceOrientationPortrait UIInterfaceOrientationPortraitUpsideDown UIInterfaceOrientationLandscapeLeft UIInterfaceOrientationLandscapeRight";
				INFOPLIST_KEY_UISupportedInterfaceOrientations_iPhone = "UIInterfaceOrientationPortrait UIInterfaceOrientationLandscapeLeft UIInterfaceOrientationLandscapeRight";
				INFOPLIST_KEY_UIUserInterfaceStyle = Light;
				IPHONEOS_DEPLOYMENT_TARGET = 16.0;
				LD_RUNPATH_SEARCH_PATHS = (
					"$(inherited)",
					"@executable_path/Frameworks",
				);
				MARKETING_VERSION = 1.0;
				PRODUCT_BUNDLE_IDENTIFIER = abhikr1708.MyDash;
				PRODUCT_NAME = "$(TARGET_NAME)";
				SWIFT_EMIT_LOC_STRINGS = YES;
				SWIFT_VERSION = 5.0;
				TARGETED_DEVICE_FAMILY = "1,2";
			};
			name = Debug;
		};
		18940A852D3958A4009C6717 /* Release */ = {
			isa = XCBuildConfiguration;
			buildSettings = {
				ASSETCATALOG_COMPILER_APPICON_NAME = AppIcon;
				ASSETCATALOG_COMPILER_GLOBAL_ACCENT_COLOR_NAME = AccentColor;
				ASSETCATALOG_COMPILER_INCLUDE_ALL_APPICON_ASSETS = YES;
				CODE_SIGN_STYLE = Automatic;
				CURRENT_PROJECT_VERSION = 1;
				DEVELOPMENT_ASSET_PATHS = "\"MyDash/Preview Content\"";
				DEVELOPMENT_TEAM = 3G7373LSKP;
				ENABLE_PREVIEWS = YES;
				GENERATE_INFOPLIST_FILE = YES;
				INFOPLIST_FILE = MyDash/Info.plist;
				INFOPLIST_KEY_UIApplicationSceneManifest_Generation = YES;
				INFOPLIST_KEY_UIApplicationSupportsIndirectInputEvents = YES;
				INFOPLIST_KEY_UILaunchScreen_Generation = YES;
				INFOPLIST_KEY_UILaunchStoryboardName = LaunchScreen.storyboard;
				INFOPLIST_KEY_UISupportedInterfaceOrientations_iPad = "UIInterfaceOrientationPortrait UIInterfaceOrientationPortraitUpsideDown UIInterfaceOrientationLandscapeLeft UIInterfaceOrientationLandscapeRight";
				INFOPLIST_KEY_UISupportedInterfaceOrientations_iPhone = "UIInterfaceOrientationPortrait UIInterfaceOrientationLandscapeLeft UIInterfaceOrientationLandscapeRight";
				INFOPLIST_KEY_UIUserInterfaceStyle = Light;
				IPHONEOS_DEPLOYMENT_TARGET = 16.0;
				LD_RUNPATH_SEARCH_PATHS = (
					"$(inherited)",
					"@executable_path/Frameworks",
				);
				MARKETING_VERSION = 1.0;
				PRODUCT_BUNDLE_IDENTIFIER = abhikr1708.MyDash;
				PRODUCT_NAME = "$(TARGET_NAME)";
				SWIFT_EMIT_LOC_STRINGS = YES;
				SWIFT_VERSION = 5.0;
				TARGETED_DEVICE_FAMILY = "1,2";
			};
			name = Release;
		};
/* End XCBuildConfiguration section */

/* Begin XCConfigurationList section */
		18940A702D39589E009C6717 /* Build configuration list for PBXProject "MyDash" */ = {
			isa = XCConfigurationList;
			buildConfigurations = (
				18940A812D3958A4009C6717 /* Debug */,
				18940A822D3958A4009C6717 /* Release */,
			);
			defaultConfigurationIsVisible = 0;
			defaultConfigurationName = Release;
		};
		18940A832D3958A4009C6717 /* Build configuration list for PBXNativeTarget "MyDash" */ = {
			isa = XCConfigurationList;
			buildConfigurations = (
				18940A842D3958A4009C6717 /* Debug */,
				18940A852D3958A4009C6717 /* Release */,
			);
			defaultConfigurationIsVisible = 0;
			defaultConfigurationName = Release;
		};
/* End XCConfigurationList section */

/* Begin XCRemoteSwiftPackageReference section */
		1831D9482D94770A007D827F /* XCRemoteSwiftPackageReference "firebase-ios-sdk" */ = {
			isa = XCRemoteSwiftPackageReference;
			repositoryURL = "https://github.com/firebase/firebase-ios-sdk";
			requirement = {
				kind = upToNextMajorVersion;
				minimumVersion = 11.10.0;
			};
		};
		186297D72D99C5C800B8166E /* XCRemoteSwiftPackageReference "sdk-for-apple" */ = {
			isa = XCRemoteSwiftPackageReference;
			repositoryURL = "https://github.com/appwrite/sdk-for-apple";
			requirement = {
				kind = upToNextMajorVersion;
				minimumVersion = 9.0.0;
			};
		};
		18B833962DA6E4E8009458D8 /* XCRemoteSwiftPackageReference "lottie-ios" */ = {
			isa = XCRemoteSwiftPackageReference;
			repositoryURL = "https://github.com/airbnb/lottie-ios.git";
			requirement = {
				kind = upToNextMajorVersion;
				minimumVersion = 4.5.1;
			};
		};
		18C20E852DA6DBDE009CB552 /* XCRemoteSwiftPackageReference "lottie-ios" */ = {
			isa = XCRemoteSwiftPackageReference;
			repositoryURL = "https://github.com/airbnb/lottie-ios.git";
			requirement = {
				kind = upToNextMajorVersion;
				minimumVersion = 4.5.1;
			};
		};
/* End XCRemoteSwiftPackageReference section */

/* Begin XCSwiftPackageProductDependency section */
		1831D9492D94770A007D827F /* FirebaseAuth */ = {
			isa = XCSwiftPackageProductDependency;
			package = 1831D9482D94770A007D827F /* XCRemoteSwiftPackageReference "firebase-ios-sdk" */;
			productName = FirebaseAuth;
		};
		1831D94B2D94770A007D827F /* FirebaseFirestore */ = {
			isa = XCSwiftPackageProductDependency;
			package = 1831D9482D94770A007D827F /* XCRemoteSwiftPackageReference "firebase-ios-sdk" */;
			productName = FirebaseFirestore;
		};
		1831D94D2D94770A007D827F /* FirebaseStorage */ = {
			isa = XCSwiftPackageProductDependency;
			package = 1831D9482D94770A007D827F /* XCRemoteSwiftPackageReference "firebase-ios-sdk" */;
			productName = FirebaseStorage;
		};
		186297D82D99C5C800B8166E /* Appwrite */ = {
			isa = XCSwiftPackageProductDependency;
			package = 186297D72D99C5C800B8166E /* XCRemoteSwiftPackageReference "sdk-for-apple" */;
			productName = Appwrite;
		};
		18B833972DA6E4E8009458D8 /* Lottie */ = {
			isa = XCSwiftPackageProductDependency;
			package = 18B833962DA6E4E8009458D8 /* XCRemoteSwiftPackageReference "lottie-ios" */;
			productName = Lottie;
		};
		18C20E862DA6DBDE009CB552 /* Lottie */ = {
			isa = XCSwiftPackageProductDependency;
			package = 18C20E852DA6DBDE009CB552 /* XCRemoteSwiftPackageReference "lottie-ios" */;
			productName = Lottie;
		};
		18C20E8C2DA6E296009CB552 /* Lottie */ = {
			isa = XCSwiftPackageProductDependency;
			package = 18C20E852DA6DBDE009CB552 /* XCRemoteSwiftPackageReference "lottie-ios" */;
			productName = Lottie;
		};
		18C20E902DA6E2C3009CB552 /* Lottie */ = {
			isa = XCSwiftPackageProductDependency;
			package = 18C20E852DA6DBDE009CB552 /* XCRemoteSwiftPackageReference "lottie-ios" */;
			productName = Lottie;
		};
/* End XCSwiftPackageProductDependency section */
	};
	rootObject = 18940A6D2D39589E009C6717 /* Project object */;
}
